
Microsoft Visual Studio Solution File, Format Version 12.00
# Visual Studio 15
VisualStudioVersion = 15.0.28307.1022
MinimumVisualStudioVersion = 10.0.40219.1
Project("{FAE04EC0-301F-11D3-BF4B-00C04F79EFBC}") = "ConsoleApp1", "ConsoleApp1\ConsoleApp1.csproj", "{C95A189D-2181-4B97-B253-4EE42C1573DF}"
EndProject
Project("{FAE04EC0-301F-11D3-BF4B-00C04F79EFBC}") = "NTierApp.DAL", "NTierApp.DAL\NTierApp.DAL.csproj", "{5CAE7658-B405-4EDB-9F3A-7A9ABF5B680F}"
EndProject
Global
	GlobalSection(SolutionConfigurationPlatforms) = preSolution
		Debug|Any CPU = Debug|Any CPU
		Release|Any CPU = Release|Any CPU
	EndGlobalSection
	GlobalSection(ProjectConfigurationPlatforms) = postSolution
		{C95A189D-2181-4B97-B253-4EE42C1573DF}.Debug|Any CPU.ActiveCfg = Debug|Any CPU
		{C95A189D-2181-4B97-B253-4EE42C1573DF}.Debug|Any CPU.Build.0 = Debug|Any CPU
		{C95A189D-2181-4B97-B253-4EE42C1573DF}.Release|Any CPU.ActiveCfg = Release|Any CPU
		{C95A189D-2181-4B97-B253-4EE42C1573DF}.Release|Any CPU.Build.0 = Release|Any CPU
		{5CAE7658-B405-4EDB-9F3A-7A9ABF5B680F}.Debug|Any CPU.ActiveCfg = Debug|Any CPU
		{5CAE7658-B405-4EDB-9F3A-7A9ABF5B680F}.Debug|Any CPU.Build.0 = Debug|Any CPU
		{5CAE7658-B405-4EDB-9F3A-7A9ABF5B680F}.Release|Any CPU.ActiveCfg = Release|Any CPU
		{5CAE7658-B405-4EDB-9F3A-7A9ABF5B680F}.Release|Any CPU.Build.0 = Release|Any CPU
	EndGlobalSection
	GlobalSection(SolutionProperties) = preSolution
		HideSolutionNode = FALSE
	EndGlobalSection
	GlobalSection(ExtensibilityGlobals) = postSolution
		SolutionGuid = {4B90B379-3FAB-47C6-A3BB-9C615990245C}
	EndGlobalSection
EndGlobal
